// !$*UTF8*$!
{
	archiveVersion = 1;
	classes = {
	};
	objectVersion = 46;
	objects = {

/* Begin PBXBuildFile section */
		14EAE00F1F25EC8900E3C81D /* AppDelegate.swift in Sources */ = {isa = PBXBuildFile; fileRef = 14EAE00E1F25EC8900E3C81D /* AppDelegate.swift */; };
		14EAE0111F25EC8900E3C81D /* ViewController.swift in Sources */ = {isa = PBXBuildFile; fileRef = 14EAE0101F25EC8900E3C81D /* ViewController.swift */; };
		14EAE0141F25EC8900E3C81D /* Main.storyboard in Resources */ = {isa = PBXBuildFile; fileRef = 14EAE0121F25EC8900E3C81D /* Main.storyboard */; };
		14EAE0161F25EC8900E3C81D /* Assets.xcassets in Resources */ = {isa = PBXBuildFile; fileRef = 14EAE0151F25EC8900E3C81D /* Assets.xcassets */; };
		14EAE0191F25EC8900E3C81D /* LaunchScreen.storyboard in Resources */ = {isa = PBXBuildFile; fileRef = 14EAE0171F25EC8900E3C81D /* LaunchScreen.storyboard */; };
		14EAE0211F25ED5700E3C81D /* p2ViewController.swift in Sources */ = {isa = PBXBuildFile; fileRef = 14EAE0201F25ED5700E3C81D /* p2ViewController.swift */; };
		14EAE0231F25ED6200E3C81D /* p3ViewController.swift in Sources */ = {isa = PBXBuildFile; fileRef = 14EAE0221F25ED6200E3C81D /* p3ViewController.swift */; };
/* End PBXBuildFile section */

/* Begin PBXFileReference section */
		14EAE00B1F25EC8900E3C81D /* testMerge.app */ = {isa = PBXFileReference; explicitFileType = wrapper.application; includeInIndex = 0; path = testMerge.app; sourceTree = BUILT_PRODUCTS_DIR; };
		14EAE00E1F25EC8900E3C81D /* AppDelegate.swift */ = {isa = PBXFileReference; lastKnownFileType = sourcecode.swift; path = AppDelegate.swift; sourceTree = "<group>"; };
		14EAE0101F25EC8900E3C81D /* ViewController.swift */ = {isa = PBXFileReference; lastKnownFileType = sourcecode.swift; path = ViewController.swift; sourceTree = "<group>"; };
		14EAE0131F25EC8900E3C81D /* Base */ = {isa = PBXFileReference; lastKnownFileType = file.storyboard; name = Base; path = Base.lproj/Main.storyboard; sourceTree = "<group>"; };
		14EAE0151F25EC8900E3C81D /* Assets.xcassets */ = {isa = PBXFileReference; lastKnownFileType = folder.assetcatalog; path = Assets.xcassets; sourceTree = "<group>"; };
		14EAE0181F25EC8900E3C81D /* Base */ = {isa = PBXFileReference; lastKnownFileType = file.storyboard; name = Base; path = Base.lproj/LaunchScreen.storyboard; sourceTree = "<group>"; };
		14EAE01A1F25EC8900E3C81D /* Info.plist */ = {isa = PBXFileReference; lastKnownFileType = text.plist.xml; path = Info.plist; sourceTree = "<group>"; };
		14EAE0201F25ED5700E3C81D /* p2ViewController.swift */ = {isa = PBXFileReference; fileEncoding = 4; lastKnownFileType = sourcecode.swift; name = p2ViewController.swift; path = ../p2ViewController.swift; sourceTree = "<group>"; };
		14EAE0221F25ED6200E3C81D /* p3ViewController.swift */ = {isa = PBXFileReference; fileEncoding = 4; lastKnownFileType = sourcecode.swift; name = p3ViewController.swift; path = ../p3ViewController.swift; sourceTree = "<group>"; };
/* End PBXFileReference section */

/* Begin PBXFrameworksBuildPhase section */
		14EAE0081F25EC8900E3C81D /* Frameworks */ = {
			isa = PBXFrameworksBuildPhase;
			buildActionMask = 2147483647;
			files = (
			);
			runOnlyForDeploymentPostprocessing = 0;
		};
/* End PBXFrameworksBuildPhase section */

/* Begin PBXGroup section */
		14EAE0021F25EC8900E3C81D = {
			isa = PBXGroup;
			children = (
				14EAE00D1F25EC8900E3C81D /* testMerge */,
				14EAE00C1F25EC8900E3C81D /* Products */,
			);
			sourceTree = "<group>";
		};
		14EAE00C1F25EC8900E3C81D /* Products */ = {
			isa = PBXGroup;
			children = (
				14EAE00B1F25EC8900E3C81D /* testMerge.app */,
			);
			name = Products;
			sourceTree = "<group>";
		};
		14EAE00D1F25EC8900E3C81D /* testMerge */ = {
			isa = PBXGroup;
			children = (
				14EAE00E1F25EC8900E3C81D /* AppDelegate.swift */,
				14EAE0101F25EC8900E3C81D /* ViewController.swift */,
				14EAE0121F25EC8900E3C81D /* Main.storyboard */,
				14EAE0151F25EC8900E3C81D /* Assets.xcassets */,
				14EAE0171F25EC8900E3C81D /* LaunchScreen.storyboard */,
				14EAE01A1F25EC8900E3C81D /* Info.plist */,
				14EAE0221F25ED6200E3C81D /* p3ViewController.swift */,
				14EAE0201F25ED5700E3C81D /* p2ViewController.swift */,
			);
			path = testMerge;
			sourceTree = "<group>";
		};
/* End PBXGroup section */

/* Begin PBXNativeTarget section */
		14EAE00A1F25EC8900E3C81D /* testMerge */ = {
			isa = PBXNativeTarget;
			buildConfigurationList = 14EAE01D1F25EC8900E3C81D /* Build configuration list for PBXNativeTarget "testMerge" */;
			buildPhases = (
				14EAE0071F25EC8900E3C81D /* Sources */,
				14EAE0081F25EC8900E3C81D /* Frameworks */,
				14EAE0091F25EC8900E3C81D /* Resources */,
			);
			buildRules = (
			);
			dependencies = (
			);
			name = testMerge;
			productName = testMerge;
			productReference = 14EAE00B1F25EC8900E3C81D /* testMerge.app */;
			productType = "com.apple.product-type.application";
		};
/* End PBXNativeTarget section */

/* Begin PBXProject section */
		14EAE0031F25EC8900E3C81D /* Project object */ = {
			isa = PBXProject;
			attributes = {
				LastSwiftUpdateCheck = 0830;
				LastUpgradeCheck = 0830;
				ORGANIZATIONNAME = "Seven Tsai";
				TargetAttributes = {
					14EAE00A1F25EC8900E3C81D = {
						CreatedOnToolsVersion = 8.3.3;
						DevelopmentTeam = 95TF683BY5;
						ProvisioningStyle = Automatic;
					};
				};
			};
			buildConfigurationList = 14EAE0061F25EC8900E3C81D /* Build configuration list for PBXProject "testMerge" */;
			compatibilityVersion = "Xcode 3.2";
			developmentRegion = English;
			hasScannedForEncodings = 0;
			knownRegions = (
				en,
				Base,
			);
			mainGroup = 14EAE0021F25EC8900E3C81D;
			productRefGroup = 14EAE00C1F25EC8900E3C81D /* Products */;
			projectDirPath = "";
			projectRoot = "";
			targets = (
				14EAE00A1F25EC8900E3C81D /* testMerge */,
			);
		};
/* End PBXProject section */

/* Begin PBXResourcesBuildPhase section */
		14EAE0091F25EC8900E3C81D /* Resources */ = {
			isa = PBXResourcesBuildPhase;
			buildActionMask = 2147483647;
			files = (
				14EAE0191F25EC8900E3C81D /* LaunchScreen.storyboard in Resources */,
				14EAE0161F25EC8900E3C81D /* Assets.xcassets in Resources */,
				14EAE0141F25EC8900E3C81D /* Main.storyboard in Resources */,
			);
			runOnlyForDeploymentPostprocessing = 0;
		};
/* End PBXResourcesBuildPhase section */

/* Begin PBXSourcesBuildPhase section */
		14EAE0071F25EC8900E3C81D /* Sources */ = {
			isa = PBXSourcesBuildPhase;
			buildActionMask = 2147483647;
			files = (
				14EAE0111F25EC8900E3C81D /* ViewController.swift in Sources */,
				14EAE0211F25ED5700E3C81D /* p2ViewController.swift in Sources */,
				14EAE00F1F25EC8900E3C81D /* AppDelegate.swift in Sources */,
				14EAE0231F25ED6200E3C81D /* p3ViewController.swift in Sources */,
			);
			runOnlyForDeploymentPostprocessing = 0;
		};
/* End PBXSourcesBuildPhase section */

/* Begin PBXVariantGroup section */
		14EAE0121F25EC8900E3C81D /* Main.storyboard */ = {
			isa = PBXVariantGroup;
			children = (
				14EAE0131F25EC8900E3C81D /* Base */,
			);
			name = Main.storyboard;
			sourceTree = "<group>";
		};
		14EAE0171F25EC8900E3C81D /* LaunchScreen.storyboard */ = {
			isa = PBXVariantGroup;
			children = (
				14EAE0181F25EC8900E3C81D /* Base */,
			);
			name = LaunchScreen.storyboard;
			sourceTree = "<group>";
		};
/* End PBXVariantGroup section */

/* Begin XCBuildConfiguration section */
		14EAE01B1F25EC8900E3C81D /* Debug */ = {
			isa = XCBuildConfiguration;
			buildSettings = {
				ALWAYS_SEARCH_USER_PATHS = NO;
				CLANG_ANALYZER_NONNULL = YES;
				CLANG_ANALYZER_NUMBER_OBJECT_CONVERSION = YES_AGGRESSIVE;
				CLANG_CXX_LANGUAGE_STANDARD = "gnu++0x";
				CLANG_CXX_LIBRARY = "libc++";
				CLANG_ENABLE_MODULES = YES;
				CLANG_ENABLE_OBJC_ARC = YES;
				CLANG_WARN_BOOL_CONVERSION = YES;
				CLANG_WARN_CONSTANT_CONVERSION = YES;
				CLANG_WARN_DIRECT_OBJC_ISA_USAGE = YES_ERROR;
				CLANG_WARN_DOCUMENTATION_COMMENTS = YES;
				CLANG_WARN_EMPTY_BODY = YES;
				CLANG_WARN_ENUM_CONVERSION = YES;
				CLANG_WARN_INFINITE_RECURSION = YES;
				CLANG_WARN_INT_CONVERSION = YES;
				CLANG_WARN_OBJC_ROOT_CLASS = YES_ERROR;
				CLANG_WARN_SUSPICIOUS_MOVE = YES;
				CLANG_WARN_UNREACHABLE_CODE = YES;
				CLANG_WARN__DUPLICATE_METHOD_MATCH = YES;
				"CODE_SIGN_IDENTITY[sdk=iphoneos*]" = "iPhone Developer";
				COPY_PHASE_STRIP = NO;
				DEBUG_INFORMATION_FORMAT = dwarf;
				ENABLE_STRICT_OBJC_MSGSEND = YES;
				ENABLE_TESTABILITY = YES;
				GCC_C_LANGUAGE_STANDARD = gnu99;
				GCC_DYNAMIC_NO_PIC = NO;
				GCC_NO_COMMON_BLOCKS = YES;
				GCC_OPTIMIZATION_LEVEL = 0;
				GCC_PREPROCESSOR_DEFINITIONS = (
					"DEBUG=1",
					"$(inherited)",
				);
				GCC_WARN_64_TO_32_BIT_CONVERSION = YES;
				GCC_WARN_ABOUT_RETURN_TYPE = YES_ERROR;
				GCC_WARN_UNDECLARED_SELECTOR = YES;
				GCC_WARN_UNINITIALIZED_AUTOS = YES_AGGRESSIVE;
				GCC_WARN_UNUSED_FUNCTION = YES;
				GCC_WARN_UNUSED_VARIABLE = YES;
				IPHONEOS_DEPLOYMENT_TARGET = 10.3;
				MTL_ENABLE_DEBUG_INFO = YES;
				ONLY_ACTIVE_ARCH = YES;
				SDKROOT = iphoneos;
				SWIFT_ACTIVE_COMPILATION_CONDITIONS = DEBUG;
				SWIFT_OPTIMIZATION_LEVEL = "-Onone";
				TARGETED_DEVICE_FAMILY = "1,2";
			};
			name = Debug;
		};
		14EAE01C1F25EC8900E3C81D /* Release */ = {
			isa = XCBuildConfiguration;
			buildSettings = {
				ALWAYS_SEARCH_USER_PATHS = NO;
				CLANG_ANALYZER_NONNULL = YES;
				CLANG_ANALYZER_NUMBER_OBJECT_CONVERSION = YES_AGGRESSIVE;
				CLANG_CXX_LANGUAGE_STANDARD = "gnu++0x";
				CLANG_CXX_LIBRARY = "libc++";
				CLANG_ENABLE_MODULES = YES;
				CLANG_ENABLE_OBJC_ARC = YES;
				CLANG_WARN_BOOL_CONVERSION = YES;
				CLANG_WARN_CONSTANT_CONVERSION = YES;
				CLANG_WARN_DIRECT_OBJC_ISA_USAGE = YES_ERROR;
				CLANG_WARN_DOCUMENTATION_COMMENTS = YES;
				CLANG_WARN_EMPTY_BODY = YES;
				CLANG_WARN_ENUM_CONVERSION = YES;
				CLANG_WARN_INFINITE_RECURSION = YES;
				CLANG_WARN_INT_CONVERSION = YES;
				CLANG_WARN_OBJC_ROOT_CLASS = YES_ERROR;
				CLANG_WARN_SUSPICIOUS_MOVE = YES;
				CLANG_WARN_UNREACHABLE_CODE = YES;
				CLANG_WARN__DUPLICATE_METHOD_MATCH = YES;
				"CODE_SIGN_IDENTITY[sdk=iphoneos*]" = "iPhone Developer";
				COPY_PHASE_STRIP = NO;
				DEBUG_INFORMATION_FORMAT = "dwarf-with-dsym";
				ENABLE_NS_ASSERTIONS = NO;
				ENABLE_STRICT_OBJC_MSGSEND = YES;
				GCC_C_LANGUAGE_STANDARD = gnu99;
				GCC_NO_COMMON_BLOCKS = YES;
				GCC_WARN_64_TO_32_BIT_CONVERSION = YES;
				GCC_WARN_ABOUT_RETURN_TYPE = YES_ERROR;
				GCC_WARN_UNDECLARED_SELECTOR = YES;
				GCC_WARN_UNINITIALIZED_AUTOS = YES_AGGRESSIVE;
				GCC_WARN_UNUSED_FUNCTION = YES;
				GCC_WARN_UNUSED_VARIABLE = YES;
				IPHONEOS_DEPLOYMENT_TARGET = 10.3;
				MTL_ENABLE_DEBUG_INFO = NO;
				SDKROOT = iphoneos;
				SWIFT_OPTIMIZATION_LEVEL = "-Owholemodule";
				TARGETED_DEVICE_FAMILY = "1,2";
				VALIDATE_PRODUCT = YES;
			};
			name = Release;
		};
		14EAE01E1F25EC8900E3C81D /* Debug */ = {
			isa = XCBuildConfiguration;
			buildSettings = {
				ASSETCATALOG_COMPILER_APPICON_NAME = AppIcon;
				DEVELOPMENT_TEAM = 95TF683BY5;
				INFOPLIST_FILE = testMerge/Info.plist;
				LD_RUNPATH_SEARCH_PATHS = "$(inherited) @executable_path/Frameworks";
				PRODUCT_BUNDLE_IDENTIFIER = tw.com.seven.testMerge;
				PRODUCT_NAME = "$(TARGET_NAME)";
				SWIFT_VERSION = 3.0;
			};
			name = Debug;
		};
		14EAE01F1F25EC8900E3C81D /* Release */ = {
			isa = XCBuildConfiguration;
			buildSettings = {
				ASSETCATALOG_COMPILER_APPICON_NAME = AppIcon;
				DEVELOPMENT_TEAM = 95TF683BY5;
				INFOPLIST_FILE = testMerge/Info.plist;
				LD_RUNPATH_SEARCH_PATHS = "$(inherited) @executable_path/Frameworks";
				PRODUCT_BUNDLE_IDENTIFIER = tw.com.seven.testMerge;
				PRODUCT_NAME = "$(TARGET_NAME)";
				SWIFT_VERSION = 3.0;
			};
			name = Release;
		};
/* End XCBuildConfiguration section */

/* Begin XCConfigurationList section */
		14EAE0061F25EC8900E3C81D /* Build configuration list for PBXProject "testMerge" */ = {
			isa = XCConfigurationList;
			buildConfigurations = (
				14EAE01B1F25EC8900E3C81D /* Debug */,
				14EAE01C1F25EC8900E3C81D /* Release */,
			);
			defaultConfigurationIsVisible = 0;
			defaultConfigurationName = Release;
		};
		14EAE01D1F25EC8900E3C81D /* Build configuration list for PBXNativeTarget "testMerge" */ = {
			isa = XCConfigurationList;
			buildConfigurations = (
				14EAE01E1F25EC8900E3C81D /* Debug */,
				14EAE01F1F25EC8900E3C81D /* Release */,
			);
			defaultConfigurationIsVisible = 0;
		};
/* End XCConfigurationList section */
	};
	rootObject = 14EAE0031F25EC8900E3C81D /* Project object */;
}
